
Microsoft Visual Studio Solution File, Format Version 12.00
# Visual Studio 15
VisualStudioVersion = 15.0.28307.757
MinimumVisualStudioVersion = 10.0.40219.1
Project("{2150E333-8FDC-42A3-9474-1A3956D46DE8}") = "BusinessLogicLayer", "BusinessLogicLayer", "{A00CBB31-3CBF-4A37-9E67-88F12204C413}"
EndProject
Project("{2150E333-8FDC-42A3-9474-1A3956D46DE8}") = "Common", "Common", "{4D6742B5-7F1D-455B-8A31-D86F96E77743}"
EndProject
Project("{2150E333-8FDC-42A3-9474-1A3956D46DE8}") = "DataAccessLayer", "DataAccessLayer", "{CA92BEBB-25A0-4263-AD95-6A08F7D3B77F}"
EndProject
Project("{2150E333-8FDC-42A3-9474-1A3956D46DE8}") = "PresentationLayer", "PresentationLayer", "{C263E187-265A-49CF-8E7A-8C28C5356A7A}"
EndProject
Project("{9A19103F-16F7-4668-BE54-9A1E7A4F7556}") = "APP.BLL", "APP.BLL\APP.BLL.csproj", "{3FD6FC94-BFFF-4240-8DB9-B6446BE7E54A}"
EndProject
Project("{9A19103F-16F7-4668-BE54-9A1E7A4F7556}") = "APP.WEB", "APP.WEB\APP.WEB.csproj", "{C45682AC-4938-4958-B7B8-5E16EF79D57E}"
EndProject
Project("{9A19103F-16F7-4668-BE54-9A1E7A4F7556}") = "APP.MODEL", "APP.MODEL\APP.MODEL.csproj", "{12E86BF9-603E-4B5D-B429-32BD59A7112D}"
EndProject
Project("{9A19103F-16F7-4668-BE54-9A1E7A4F7556}") = "APP.VIEWMODEL", "APP.VIEWMODEL\APP.VIEWMODEL.csproj", "{AC84365D-B91C-41D2-B71B-D70AC19DA391}"
EndProject
Project("{9A19103F-16F7-4668-BE54-9A1E7A4F7556}") = "APP.IDAL", "APP.IDAL\APP.IDAL.csproj", "{19C30908-B4ED-4C5A-8B2D-A007BE113041}"
EndProject
Project("{9A19103F-16F7-4668-BE54-9A1E7A4F7556}") = "APP.DAL", "APP.DAL\APP.DAL.csproj", "{130AF963-796F-493E-B38B-078AFD79999E}"
EndProject
Project("{FAE04EC0-301F-11D3-BF4B-00C04F79EFBC}") = "APP.FUNC", "APP.FUNC\APP.FUNC.csproj", "{C03ED204-F73F-41C5-91EA-0DA3BF9EDAB9}"
EndProject
Global
	GlobalSection(SolutionConfigurationPlatforms) = preSolution
		Debug|Any CPU = Debug|Any CPU
		Release|Any CPU = Release|Any CPU
	EndGlobalSection
	GlobalSection(ProjectConfigurationPlatforms) = postSolution
		{3FD6FC94-BFFF-4240-8DB9-B6446BE7E54A}.Debug|Any CPU.ActiveCfg = Debug|Any CPU
		{3FD6FC94-BFFF-4240-8DB9-B6446BE7E54A}.Debug|Any CPU.Build.0 = Debug|Any CPU
		{3FD6FC94-BFFF-4240-8DB9-B6446BE7E54A}.Release|Any CPU.ActiveCfg = Release|Any CPU
		{3FD6FC94-BFFF-4240-8DB9-B6446BE7E54A}.Release|Any CPU.Build.0 = Release|Any CPU
		{C45682AC-4938-4958-B7B8-5E16EF79D57E}.Debug|Any CPU.ActiveCfg = Debug|Any CPU
		{C45682AC-4938-4958-B7B8-5E16EF79D57E}.Debug|Any CPU.Build.0 = Debug|Any CPU
		{C45682AC-4938-4958-B7B8-5E16EF79D57E}.Release|Any CPU.ActiveCfg = Release|Any CPU
		{C45682AC-4938-4958-B7B8-5E16EF79D57E}.Release|Any CPU.Build.0 = Release|Any CPU
		{12E86BF9-603E-4B5D-B429-32BD59A7112D}.Debug|Any CPU.ActiveCfg = Debug|Any CPU
		{12E86BF9-603E-4B5D-B429-32BD59A7112D}.Debug|Any CPU.Build.0 = Debug|Any CPU
		{12E86BF9-603E-4B5D-B429-32BD59A7112D}.Release|Any CPU.ActiveCfg = Release|Any CPU
		{12E86BF9-603E-4B5D-B429-32BD59A7112D}.Release|Any CPU.Build.0 = Release|Any CPU
		{AC84365D-B91C-41D2-B71B-D70AC19DA391}.Debug|Any CPU.ActiveCfg = Debug|Any CPU
		{AC84365D-B91C-41D2-B71B-D70AC19DA391}.Debug|Any CPU.Build.0 = Debug|Any CPU
		{AC84365D-B91C-41D2-B71B-D70AC19DA391}.Release|Any CPU.ActiveCfg = Release|Any CPU
		{AC84365D-B91C-41D2-B71B-D70AC19DA391}.Release|Any CPU.Build.0 = Release|Any CPU
		{19C30908-B4ED-4C5A-8B2D-A007BE113041}.Debug|Any CPU.ActiveCfg = Debug|Any CPU
		{19C30908-B4ED-4C5A-8B2D-A007BE113041}.Debug|Any CPU.Build.0 = Debug|Any CPU
		{19C30908-B4ED-4C5A-8B2D-A007BE113041}.Release|Any CPU.ActiveCfg = Release|Any CPU
		{19C30908-B4ED-4C5A-8B2D-A007BE113041}.Release|Any CPU.Build.0 = Release|Any CPU
		{130AF963-796F-493E-B38B-078AFD79999E}.Debug|Any CPU.ActiveCfg = Debug|Any CPU
		{130AF963-796F-493E-B38B-078AFD79999E}.Debug|Any CPU.Build.0 = Debug|Any CPU
		{130AF963-796F-493E-B38B-078AFD79999E}.Release|Any CPU.ActiveCfg = Release|Any CPU
		{130AF963-796F-493E-B38B-078AFD79999E}.Release|Any CPU.Build.0 = Release|Any CPU
		{C03ED204-F73F-41C5-91EA-0DA3BF9EDAB9}.Debug|Any CPU.ActiveCfg = Debug|Any CPU
		{C03ED204-F73F-41C5-91EA-0DA3BF9EDAB9}.Debug|Any CPU.Build.0 = Debug|Any CPU
		{C03ED204-F73F-41C5-91EA-0DA3BF9EDAB9}.Release|Any CPU.ActiveCfg = Release|Any CPU
		{C03ED204-F73F-41C5-91EA-0DA3BF9EDAB9}.Release|Any CPU.Build.0 = Release|Any CPU
	EndGlobalSection
	GlobalSection(SolutionProperties) = preSolution
		HideSolutionNode = FALSE
	EndGlobalSection
	GlobalSection(NestedProjects) = preSolution
		{3FD6FC94-BFFF-4240-8DB9-B6446BE7E54A} = {A00CBB31-3CBF-4A37-9E67-88F12204C413}
		{C45682AC-4938-4958-B7B8-5E16EF79D57E} = {C263E187-265A-49CF-8E7A-8C28C5356A7A}
		{12E86BF9-603E-4B5D-B429-32BD59A7112D} = {4D6742B5-7F1D-455B-8A31-D86F96E77743}
		{AC84365D-B91C-41D2-B71B-D70AC19DA391} = {4D6742B5-7F1D-455B-8A31-D86F96E77743}
		{19C30908-B4ED-4C5A-8B2D-A007BE113041} = {CA92BEBB-25A0-4263-AD95-6A08F7D3B77F}
		{130AF963-796F-493E-B38B-078AFD79999E} = {CA92BEBB-25A0-4263-AD95-6A08F7D3B77F}
		{C03ED204-F73F-41C5-91EA-0DA3BF9EDAB9} = {4D6742B5-7F1D-455B-8A31-D86F96E77743}
	EndGlobalSection
	GlobalSection(ExtensibilityGlobals) = postSolution
		SolutionGuid = {FECD21D8-5E93-4695-9268-68D010E20570}
	EndGlobalSection
EndGlobal
